uuid: ccaf9194-9e77-4c57-9f04-9d2adea3ee0c
langcode: en
status: true
dependencies:
  config:
    - views.view.who_s_online
  module:
    - views
  theme:
    - bootstrap_subtheme
id: bootstrap_subtheme_views_block__who_s_online_who_s_online_block
theme: bootstrap_subtheme
region: content_additional
weight: 0
provider: null
plugin: 'views_block:who_s_online-who_s_online_block'
settings:
  id: 'views_block:who_s_online-who_s_online_block'
  label: ''
  label_display: visible
  provider: views
  views_label: ''
  items_per_page: none
visibility: {  }
